
Microsoft Visual Studio Solution File, Format Version 12.00
# Visual Studio Version 16
VisualStudioVersion = 16.0.31911.196
MinimumVisualStudioVersion = 10.0.40219.1
Project("{8BC9CEB8-8B4A-11D0-8D11-00A0C91BC942}") = "Reference. HW23", "Reference. HW23\Reference. HW23.vcxproj", "{A10A2865-1DDA-4B7E-8E6B-8DB4AA9FFAFC}"
EndProject
Global
	GlobalSection(SolutionConfigurationPlatforms) = preSolution
		Debug|x64 = Debug|x64
		Debug|x86 = Debug|x86
		Release|x64 = Release|x64
		Release|x86 = Release|x86
	EndGlobalSection
	GlobalSection(ProjectConfigurationPlatforms) = postSolution
		{A10A2865-1DDA-4B7E-8E6B-8DB4AA9FFAFC}.Debug|x64.ActiveCfg = Debug|x64
		{A10A2865-1DDA-4B7E-8E6B-8DB4AA9FFAFC}.Debug|x64.Build.0 = Debug|x64
		{A10A2865-1DDA-4B7E-8E6B-8DB4AA9FFAFC}.Debug|x86.ActiveCfg = Debug|Win32
		{A10A2865-1DDA-4B7E-8E6B-8DB4AA9FFAFC}.Debug|x86.Build.0 = Debug|Win32
		{A10A2865-1DDA-4B7E-8E6B-8DB4AA9FFAFC}.Release|x64.ActiveCfg = Release|x64
		{A10A2865-1DDA-4B7E-8E6B-8DB4AA9FFAFC}.Release|x64.Build.0 = Release|x64
		{A10A2865-1DDA-4B7E-8E6B-8DB4AA9FFAFC}.Release|x86.ActiveCfg = Release|Win32
		{A10A2865-1DDA-4B7E-8E6B-8DB4AA9FFAFC}.Release|x86.Build.0 = Release|Win32
	EndGlobalSection
	GlobalSection(SolutionProperties) = preSolution
		HideSolutionNode = FALSE
	EndGlobalSection
	GlobalSection(ExtensibilityGlobals) = postSolution
		SolutionGuid = {89C9FDD0-6B85-422A-B5C8-7E0880D80274}
	EndGlobalSection
EndGlobal
